
Microsoft Visual Studio Solution File, Format Version 12.00
# Visual Studio Version 16
VisualStudioVersion = 16.0.31129.286
MinimumVisualStudioVersion = 10.0.40219.1
Project("{9A19103F-16F7-4668-BE54-9A1E7A4F7556}") = "Katas", "Katas\Katas.csproj", "{D64EE228-A5F8-432C-B181-CAB82025ED2A}"
EndProject
Project("{FAE04EC0-301F-11D3-BF4B-00C04F79EFBC}") = "KatasTests", "KatasTests\KatasTests.csproj", "{C9D2E651-0118-4CF4-8F48-0B745CDAA019}"
EndProject
Global
	GlobalSection(SolutionConfigurationPlatforms) = preSolution
		Debug|Any CPU = Debug|Any CPU
		Release|Any CPU = Release|Any CPU
	EndGlobalSection
	GlobalSection(ProjectConfigurationPlatforms) = postSolution
		{D64EE228-A5F8-432C-B181-CAB82025ED2A}.Debug|Any CPU.ActiveCfg = Debug|Any CPU
		{D64EE228-A5F8-432C-B181-CAB82025ED2A}.Debug|Any CPU.Build.0 = Debug|Any CPU
		{D64EE228-A5F8-432C-B181-CAB82025ED2A}.Release|Any CPU.ActiveCfg = Release|Any CPU
		{D64EE228-A5F8-432C-B181-CAB82025ED2A}.Release|Any CPU.Build.0 = Release|Any CPU
		{C9D2E651-0118-4CF4-8F48-0B745CDAA019}.Debug|Any CPU.ActiveCfg = Debug|Any CPU
		{C9D2E651-0118-4CF4-8F48-0B745CDAA019}.Debug|Any CPU.Build.0 = Debug|Any CPU
		{C9D2E651-0118-4CF4-8F48-0B745CDAA019}.Release|Any CPU.ActiveCfg = Release|Any CPU
		{C9D2E651-0118-4CF4-8F48-0B745CDAA019}.Release|Any CPU.Build.0 = Release|Any CPU
	EndGlobalSection
	GlobalSection(SolutionProperties) = preSolution
		HideSolutionNode = FALSE
	EndGlobalSection
	GlobalSection(ExtensibilityGlobals) = postSolution
		SolutionGuid = {44A29184-0A08-4725-A897-D439B7C4ECEA}
	EndGlobalSection
EndGlobal
